
Microsoft Visual Studio Solution File, Format Version 12.00
# Visual Studio Version 16
VisualStudioVersion = 16.0.31624.102
MinimumVisualStudioVersion = 10.0.40219.1
Project("{FAE04EC0-301F-11D3-BF4B-00C04F79EFBC}") = "Atividade4", "Atividade4\Atividade4.csproj", "{FA130B6C-834A-4DDD-AA72-B56FE8F2E3EF}"
EndProject
Global
	GlobalSection(SolutionConfigurationPlatforms) = preSolution
		Debug|Any CPU = Debug|Any CPU
		Release|Any CPU = Release|Any CPU
	EndGlobalSection
	GlobalSection(ProjectConfigurationPlatforms) = postSolution
		{FA130B6C-834A-4DDD-AA72-B56FE8F2E3EF}.Debug|Any CPU.ActiveCfg = Debug|Any CPU
		{FA130B6C-834A-4DDD-AA72-B56FE8F2E3EF}.Debug|Any CPU.Build.0 = Debug|Any CPU
		{FA130B6C-834A-4DDD-AA72-B56FE8F2E3EF}.Release|Any CPU.ActiveCfg = Release|Any CPU
		{FA130B6C-834A-4DDD-AA72-B56FE8F2E3EF}.Release|Any CPU.Build.0 = Release|Any CPU
	EndGlobalSection
	GlobalSection(SolutionProperties) = preSolution
		HideSolutionNode = FALSE
	EndGlobalSection
	GlobalSection(ExtensibilityGlobals) = postSolution
		SolutionGuid = {545537DB-0770-49D8-A9B8-31987B40D14C}
	EndGlobalSection
EndGlobal
